
Microsoft Visual Studio Solution File, Format Version 12.00
# Visual Studio Version 17
VisualStudioVersion = 17.0.31903.59
MinimumVisualStudioVersion = 10.0.40219.1
Project("{FAE04EC0-301F-11D3-BF4B-00C04F79EFBC}") = "API", "API\API.csproj", "{FBDC7197-19E3-4E90-9D84-63C10E1BD3C2}"
EndProject
Global
	GlobalSection(SolutionConfigurationPlatforms) = preSolution
		Debug|Any CPU = Debug|Any CPU
		Release|Any CPU = Release|Any CPU
	EndGlobalSection
	GlobalSection(SolutionProperties) = preSolution
		HideSolutionNode = FALSE
	EndGlobalSection
	GlobalSection(ProjectConfigurationPlatforms) = postSolution
		{FBDC7197-19E3-4E90-9D84-63C10E1BD3C2}.Debug|Any CPU.ActiveCfg = Debug|Any CPU
		{FBDC7197-19E3-4E90-9D84-63C10E1BD3C2}.Debug|Any CPU.Build.0 = Debug|Any CPU
		{FBDC7197-19E3-4E90-9D84-63C10E1BD3C2}.Release|Any CPU.ActiveCfg = Release|Any CPU
		{FBDC7197-19E3-4E90-9D84-63C10E1BD3C2}.Release|Any CPU.Build.0 = Release|Any CPU
	EndGlobalSection
EndGlobal
